
Microsoft Visual Studio Solution File, Format Version 12.00
Project("{FAE04EC0-301F-11D3-BF4B-00C04F79EFBC}") = "PGI_Migracion_Monolitos", "PGI_Migracion_Monolitos\PGI_Migracion_Monolitos.csproj", "{795F7734-B0F2-4EEF-84AB-1F7298AD0987}"
EndProject
Global
	GlobalSection(SolutionConfigurationPlatforms) = preSolution
		Debug|Any CPU = Debug|Any CPU
		Release|Any CPU = Release|Any CPU
	EndGlobalSection
	GlobalSection(ProjectConfigurationPlatforms) = postSolution
		{795F7734-B0F2-4EEF-84AB-1F7298AD0987}.Debug|Any CPU.ActiveCfg = Debug|Any CPU
		{795F7734-B0F2-4EEF-84AB-1F7298AD0987}.Debug|Any CPU.Build.0 = Debug|Any CPU
		{795F7734-B0F2-4EEF-84AB-1F7298AD0987}.Release|Any CPU.ActiveCfg = Release|Any CPU
		{795F7734-B0F2-4EEF-84AB-1F7298AD0987}.Release|Any CPU.Build.0 = Release|Any CPU
	EndGlobalSection
EndGlobal
